{
  "name": "brief",
  "version": "0.0.0",
  "lockfileVersion": 1,
  "requires": true,
  "dependencies": {
    "bootstrap-datetimepicker-sass": {
      "version": "3.0.3",
      "resolved": "https://registry.npmjs.org/bootstrap-datetimepicker-sass/-/bootstrap-datetimepicker-sass-3.0.3.tgz",
      "integrity": "sha1-JjxOEvPilL9J2zH6TmE2WzO7/L8="
    },
    "bootstrap-sass": {
      "version": "3.4.1",
      "resolved": "https://registry.npmjs.org/bootstrap-sass/-/bootstrap-sass-3.4.1.tgz",
      "integrity": "sha512-p5rxsK/IyEDQm2CwiHxxUi0MZZtvVFbhWmyMOt4lLkA4bujDA1TGoKT0i1FKIWiugAdP+kK8T5KMDFIKQCLYIA=="
    }
  }
}
